
Microsoft Visual Studio Solution File, Format Version 12.00
# Visual Studio Version 17
VisualStudioVersion = 17.1.32319.34
MinimumVisualStudioVersion = 10.0.40219.1
Project("{9A19103F-16F7-4668-BE54-9A1E7A4F7556}") = "Web", "Web\Web.csproj", "{11864348-C8B4-49AB-8851-0454388EBDB9}"
EndProject
Project("{9A19103F-16F7-4668-BE54-9A1E7A4F7556}") = "Logic", "Logic\Logic.csproj", "{0DA65118-2EEF-471A-8E7E-CE735DC59DA8}"
EndProject
Project("{9A19103F-16F7-4668-BE54-9A1E7A4F7556}") = "Data", "Data\Data.csproj", "{46FCBC84-4E5C-4068-9C05-1732A737F5EC}"
EndProject
Project("{2150E333-8FDC-42A3-9474-1A3956D46DE8}") = "1. Domain", "1. Domain", "{3716A707-6E0F-42A8-8A91-DB11CC9070BC}"
EndProject
Project("{FAE04EC0-301F-11D3-BF4B-00C04F79EFBC}") = "Domain", "Domain\Domain.csproj", "{FE08A565-0DE3-4A1D-9B2A-CDB3CA76B91D}"
EndProject
Project("{FAE04EC0-301F-11D3-BF4B-00C04F79EFBC}") = "Common", "Common\Common.csproj", "{B593BAE2-5DD2-4567-B729-4D439F12A57D}"
EndProject
Global
	GlobalSection(SolutionConfigurationPlatforms) = preSolution
		Debug|Any CPU = Debug|Any CPU
		Release|Any CPU = Release|Any CPU
	EndGlobalSection
	GlobalSection(ProjectConfigurationPlatforms) = postSolution
		{11864348-C8B4-49AB-8851-0454388EBDB9}.Debug|Any CPU.ActiveCfg = Debug|Any CPU
		{11864348-C8B4-49AB-8851-0454388EBDB9}.Debug|Any CPU.Build.0 = Debug|Any CPU
		{11864348-C8B4-49AB-8851-0454388EBDB9}.Release|Any CPU.ActiveCfg = Release|Any CPU
		{11864348-C8B4-49AB-8851-0454388EBDB9}.Release|Any CPU.Build.0 = Release|Any CPU
		{0DA65118-2EEF-471A-8E7E-CE735DC59DA8}.Debug|Any CPU.ActiveCfg = Debug|Any CPU
		{0DA65118-2EEF-471A-8E7E-CE735DC59DA8}.Debug|Any CPU.Build.0 = Debug|Any CPU
		{0DA65118-2EEF-471A-8E7E-CE735DC59DA8}.Release|Any CPU.ActiveCfg = Release|Any CPU
		{0DA65118-2EEF-471A-8E7E-CE735DC59DA8}.Release|Any CPU.Build.0 = Release|Any CPU
		{46FCBC84-4E5C-4068-9C05-1732A737F5EC}.Debug|Any CPU.ActiveCfg = Debug|Any CPU
		{46FCBC84-4E5C-4068-9C05-1732A737F5EC}.Debug|Any CPU.Build.0 = Debug|Any CPU
		{46FCBC84-4E5C-4068-9C05-1732A737F5EC}.Release|Any CPU.ActiveCfg = Release|Any CPU
		{46FCBC84-4E5C-4068-9C05-1732A737F5EC}.Release|Any CPU.Build.0 = Release|Any CPU
		{FE08A565-0DE3-4A1D-9B2A-CDB3CA76B91D}.Debug|Any CPU.ActiveCfg = Debug|Any CPU
		{FE08A565-0DE3-4A1D-9B2A-CDB3CA76B91D}.Debug|Any CPU.Build.0 = Debug|Any CPU
		{FE08A565-0DE3-4A1D-9B2A-CDB3CA76B91D}.Release|Any CPU.ActiveCfg = Release|Any CPU
		{FE08A565-0DE3-4A1D-9B2A-CDB3CA76B91D}.Release|Any CPU.Build.0 = Release|Any CPU
		{B593BAE2-5DD2-4567-B729-4D439F12A57D}.Debug|Any CPU.ActiveCfg = Debug|Any CPU
		{B593BAE2-5DD2-4567-B729-4D439F12A57D}.Debug|Any CPU.Build.0 = Debug|Any CPU
		{B593BAE2-5DD2-4567-B729-4D439F12A57D}.Release|Any CPU.ActiveCfg = Release|Any CPU
		{B593BAE2-5DD2-4567-B729-4D439F12A57D}.Release|Any CPU.Build.0 = Release|Any CPU
	EndGlobalSection
	GlobalSection(SolutionProperties) = preSolution
		HideSolutionNode = FALSE
	EndGlobalSection
	GlobalSection(NestedProjects) = preSolution
		{FE08A565-0DE3-4A1D-9B2A-CDB3CA76B91D} = {3716A707-6E0F-42A8-8A91-DB11CC9070BC}
		{B593BAE2-5DD2-4567-B729-4D439F12A57D} = {3716A707-6E0F-42A8-8A91-DB11CC9070BC}
	EndGlobalSection
	GlobalSection(ExtensibilityGlobals) = postSolution
		SolutionGuid = {1BBB595F-7887-4C7E-B84C-37B5E27C2C29}
	EndGlobalSection
EndGlobal
