
Microsoft Visual Studio Solution File, Format Version 12.00
# Visual Studio Version 17
VisualStudioVersion = 17.1.32319.34
MinimumVisualStudioVersion = 10.0.40219.1
Project("{9A19103F-16F7-4668-BE54-9A1E7A4F7556}") = "Web", "Web\Web.csproj", "{11864348-C8B4-49AB-8851-0454388EBDB9}"
EndProject
Project("{2150E333-8FDC-42A3-9474-1A3956D46DE8}") = "1. Domain", "1. Domain", "{3716A707-6E0F-42A8-8A91-DB11CC9070BC}"
EndProject
Project("{9A19103F-16F7-4668-BE54-9A1E7A4F7556}") = "Domain", "Domain\Domain.csproj", "{FE08A565-0DE3-4A1D-9B2A-CDB3CA76B91D}"
EndProject
Project("{9A19103F-16F7-4668-BE54-9A1E7A4F7556}") = "Common", "Common\Common.csproj", "{B593BAE2-5DD2-4567-B729-4D439F12A57D}"
EndProject
Project("{2150E333-8FDC-42A3-9474-1A3956D46DE8}") = "2. DAL", "2. DAL", "{2DF86935-FC2E-47C4-8ED3-7879777215B1}"
EndProject
Project("{2150E333-8FDC-42A3-9474-1A3956D46DE8}") = "3. BLL", "3. BLL", "{A8F898A4-AA70-4198-A39F-E1DA9FFFBF65}"
EndProject
Project("{9A19103F-16F7-4668-BE54-9A1E7A4F7556}") = "DAL", "DAL\DAL.csproj", "{BD79B24B-75A0-42CD-811A-611F319824ED}"
EndProject
Project("{9A19103F-16F7-4668-BE54-9A1E7A4F7556}") = "DAL.Contracts", "DAL.Contracts\DAL.Contracts.csproj", "{A26E71A3-CEEB-43EE-80E4-E0A597420454}"
EndProject
Project("{9A19103F-16F7-4668-BE54-9A1E7A4F7556}") = "DAL.Models", "DAL.Models\DAL.Models.csproj", "{8F51D69D-461F-45B2-8D73-927FAD6E2869}"
EndProject
Project("{9A19103F-16F7-4668-BE54-9A1E7A4F7556}") = "DAL.Startup", "DAL.Startup\DAL.Startup.csproj", "{4E702D60-965E-42AA-A3E4-6C96CEBA04CC}"
EndProject
Project("{9A19103F-16F7-4668-BE54-9A1E7A4F7556}") = "BLL", "BLL\BLL.csproj", "{94831257-70A2-4322-BCB2-8973822AB317}"
EndProject
Project("{9A19103F-16F7-4668-BE54-9A1E7A4F7556}") = "BLL.Contracts", "BLL.Contracts\BLL.Contracts.csproj", "{43972F57-F46C-4D86-A447-260EDB04B76B}"
EndProject
Project("{9A19103F-16F7-4668-BE54-9A1E7A4F7556}") = "BLL.Models", "BLL.Models\BLL.Models.csproj", "{B81648E8-3A09-4F90-9CCB-EF5115A3E508}"
EndProject
Project("{9A19103F-16F7-4668-BE54-9A1E7A4F7556}") = "BLL.Startup", "BLL.Startup\BLL.Startup.csproj", "{190BD6AC-3E68-49B7-B2D6-4C6B49A2A492}"
EndProject
Project("{2150E333-8FDC-42A3-9474-1A3956D46DE8}") = "0. Config", "0. Config", "{C9398124-2F51-40E0-B4A5-524EE4454B4C}"
	ProjectSection(SolutionItems) = preProject
		config.json = config.json
	EndProjectSection
EndProject
Global
	GlobalSection(SolutionConfigurationPlatforms) = preSolution
		Debug|Any CPU = Debug|Any CPU
		Release|Any CPU = Release|Any CPU
	EndGlobalSection
	GlobalSection(ProjectConfigurationPlatforms) = postSolution
		{11864348-C8B4-49AB-8851-0454388EBDB9}.Debug|Any CPU.ActiveCfg = Debug|Any CPU
		{11864348-C8B4-49AB-8851-0454388EBDB9}.Debug|Any CPU.Build.0 = Debug|Any CPU
		{11864348-C8B4-49AB-8851-0454388EBDB9}.Release|Any CPU.ActiveCfg = Release|Any CPU
		{11864348-C8B4-49AB-8851-0454388EBDB9}.Release|Any CPU.Build.0 = Release|Any CPU
		{FE08A565-0DE3-4A1D-9B2A-CDB3CA76B91D}.Debug|Any CPU.ActiveCfg = Debug|Any CPU
		{FE08A565-0DE3-4A1D-9B2A-CDB3CA76B91D}.Debug|Any CPU.Build.0 = Debug|Any CPU
		{FE08A565-0DE3-4A1D-9B2A-CDB3CA76B91D}.Release|Any CPU.ActiveCfg = Release|Any CPU
		{FE08A565-0DE3-4A1D-9B2A-CDB3CA76B91D}.Release|Any CPU.Build.0 = Release|Any CPU
		{B593BAE2-5DD2-4567-B729-4D439F12A57D}.Debug|Any CPU.ActiveCfg = Debug|Any CPU
		{B593BAE2-5DD2-4567-B729-4D439F12A57D}.Debug|Any CPU.Build.0 = Debug|Any CPU
		{B593BAE2-5DD2-4567-B729-4D439F12A57D}.Release|Any CPU.ActiveCfg = Release|Any CPU
		{B593BAE2-5DD2-4567-B729-4D439F12A57D}.Release|Any CPU.Build.0 = Release|Any CPU
		{BD79B24B-75A0-42CD-811A-611F319824ED}.Debug|Any CPU.ActiveCfg = Debug|Any CPU
		{BD79B24B-75A0-42CD-811A-611F319824ED}.Debug|Any CPU.Build.0 = Debug|Any CPU
		{BD79B24B-75A0-42CD-811A-611F319824ED}.Release|Any CPU.ActiveCfg = Release|Any CPU
		{BD79B24B-75A0-42CD-811A-611F319824ED}.Release|Any CPU.Build.0 = Release|Any CPU
		{A26E71A3-CEEB-43EE-80E4-E0A597420454}.Debug|Any CPU.ActiveCfg = Debug|Any CPU
		{A26E71A3-CEEB-43EE-80E4-E0A597420454}.Debug|Any CPU.Build.0 = Debug|Any CPU
		{A26E71A3-CEEB-43EE-80E4-E0A597420454}.Release|Any CPU.ActiveCfg = Release|Any CPU
		{A26E71A3-CEEB-43EE-80E4-E0A597420454}.Release|Any CPU.Build.0 = Release|Any CPU
		{8F51D69D-461F-45B2-8D73-927FAD6E2869}.Debug|Any CPU.ActiveCfg = Debug|Any CPU
		{8F51D69D-461F-45B2-8D73-927FAD6E2869}.Debug|Any CPU.Build.0 = Debug|Any CPU
		{8F51D69D-461F-45B2-8D73-927FAD6E2869}.Release|Any CPU.ActiveCfg = Release|Any CPU
		{8F51D69D-461F-45B2-8D73-927FAD6E2869}.Release|Any CPU.Build.0 = Release|Any CPU
		{4E702D60-965E-42AA-A3E4-6C96CEBA04CC}.Debug|Any CPU.ActiveCfg = Debug|Any CPU
		{4E702D60-965E-42AA-A3E4-6C96CEBA04CC}.Debug|Any CPU.Build.0 = Debug|Any CPU
		{4E702D60-965E-42AA-A3E4-6C96CEBA04CC}.Release|Any CPU.ActiveCfg = Release|Any CPU
		{4E702D60-965E-42AA-A3E4-6C96CEBA04CC}.Release|Any CPU.Build.0 = Release|Any CPU
		{94831257-70A2-4322-BCB2-8973822AB317}.Debug|Any CPU.ActiveCfg = Debug|Any CPU
		{94831257-70A2-4322-BCB2-8973822AB317}.Debug|Any CPU.Build.0 = Debug|Any CPU
		{94831257-70A2-4322-BCB2-8973822AB317}.Release|Any CPU.ActiveCfg = Release|Any CPU
		{94831257-70A2-4322-BCB2-8973822AB317}.Release|Any CPU.Build.0 = Release|Any CPU
		{43972F57-F46C-4D86-A447-260EDB04B76B}.Debug|Any CPU.ActiveCfg = Debug|Any CPU
		{43972F57-F46C-4D86-A447-260EDB04B76B}.Debug|Any CPU.Build.0 = Debug|Any CPU
		{43972F57-F46C-4D86-A447-260EDB04B76B}.Release|Any CPU.ActiveCfg = Release|Any CPU
		{43972F57-F46C-4D86-A447-260EDB04B76B}.Release|Any CPU.Build.0 = Release|Any CPU
		{B81648E8-3A09-4F90-9CCB-EF5115A3E508}.Debug|Any CPU.ActiveCfg = Debug|Any CPU
		{B81648E8-3A09-4F90-9CCB-EF5115A3E508}.Debug|Any CPU.Build.0 = Debug|Any CPU
		{B81648E8-3A09-4F90-9CCB-EF5115A3E508}.Release|Any CPU.ActiveCfg = Release|Any CPU
		{B81648E8-3A09-4F90-9CCB-EF5115A3E508}.Release|Any CPU.Build.0 = Release|Any CPU
		{190BD6AC-3E68-49B7-B2D6-4C6B49A2A492}.Debug|Any CPU.ActiveCfg = Debug|Any CPU
		{190BD6AC-3E68-49B7-B2D6-4C6B49A2A492}.Debug|Any CPU.Build.0 = Debug|Any CPU
		{190BD6AC-3E68-49B7-B2D6-4C6B49A2A492}.Release|Any CPU.ActiveCfg = Release|Any CPU
		{190BD6AC-3E68-49B7-B2D6-4C6B49A2A492}.Release|Any CPU.Build.0 = Release|Any CPU
	EndGlobalSection
	GlobalSection(SolutionProperties) = preSolution
		HideSolutionNode = FALSE
	EndGlobalSection
	GlobalSection(NestedProjects) = preSolution
		{FE08A565-0DE3-4A1D-9B2A-CDB3CA76B91D} = {3716A707-6E0F-42A8-8A91-DB11CC9070BC}
		{B593BAE2-5DD2-4567-B729-4D439F12A57D} = {3716A707-6E0F-42A8-8A91-DB11CC9070BC}
		{BD79B24B-75A0-42CD-811A-611F319824ED} = {2DF86935-FC2E-47C4-8ED3-7879777215B1}
		{A26E71A3-CEEB-43EE-80E4-E0A597420454} = {2DF86935-FC2E-47C4-8ED3-7879777215B1}
		{8F51D69D-461F-45B2-8D73-927FAD6E2869} = {2DF86935-FC2E-47C4-8ED3-7879777215B1}
		{4E702D60-965E-42AA-A3E4-6C96CEBA04CC} = {2DF86935-FC2E-47C4-8ED3-7879777215B1}
		{94831257-70A2-4322-BCB2-8973822AB317} = {A8F898A4-AA70-4198-A39F-E1DA9FFFBF65}
		{43972F57-F46C-4D86-A447-260EDB04B76B} = {A8F898A4-AA70-4198-A39F-E1DA9FFFBF65}
		{B81648E8-3A09-4F90-9CCB-EF5115A3E508} = {A8F898A4-AA70-4198-A39F-E1DA9FFFBF65}
		{190BD6AC-3E68-49B7-B2D6-4C6B49A2A492} = {A8F898A4-AA70-4198-A39F-E1DA9FFFBF65}
	EndGlobalSection
	GlobalSection(ExtensibilityGlobals) = postSolution
		SolutionGuid = {1BBB595F-7887-4C7E-B84C-37B5E27C2C29}
	EndGlobalSection
EndGlobal
